
Microsoft Visual Studio Solution File, Format Version 12.00
# Visual Studio Version 16
VisualStudioVersion = 16.0.29503.13
MinimumVisualStudioVersion = 15.0.26124.0
Project("{2150E333-8FDC-42A3-9474-1A3956D46DE8}") = "Src", "Src", "{3463C803-5FEE-4A82-90AF-3E2A9265A154}"
EndProject
Project("{2150E333-8FDC-42A3-9474-1A3956D46DE8}") = "Core", "Core", "{848CB4A6-33AD-4143-9773-0A232DD1700E}"
EndProject
Project("{2150E333-8FDC-42A3-9474-1A3956D46DE8}") = "Infrastructure", "Infrastructure", "{7B28E7A3-CDB8-4EB7-B0C1-64A7439C5D36}"
EndProject
Project("{2150E333-8FDC-42A3-9474-1A3956D46DE8}") = "Test", "Test", "{5D8477C4-22F3-44B7-B850-224CA1A3A139}"
EndProject
Project("{2150E333-8FDC-42A3-9474-1A3956D46DE8}") = "Gateway", "Gateway", "{5F4FFABC-C6DA-4740-AEB2-6B844EF56E07}"
EndProject
Project("{9A19103F-16F7-4668-BE54-9A1E7A4F7556}") = "TCBOS.Reporting.App", "Src\Core\TCBOS.Reporting.App\TCBOS.Reporting.App.csproj", "{87848492-D795-4974-B77C-AC54BA9E695A}"
EndProject
Project("{9A19103F-16F7-4668-BE54-9A1E7A4F7556}") = "TCBOS.Reporting.Domain", "Src\Core\TCBOS.Reporting.Domain\TCBOS.Reporting.Domain.csproj", "{CCB7BF0A-E01D-47A5-BFAD-630CFDDC8DA1}"
EndProject
Project("{9A19103F-16F7-4668-BE54-9A1E7A4F7556}") = "TCBOS.Reporting.Common", "Src\Core\TCBOS.Reporting.Common\TCBOS.Reporting.Common.csproj", "{7E69989A-0339-48FC-8C4A-09A9E2B00E8D}"
EndProject
Project("{9A19103F-16F7-4668-BE54-9A1E7A4F7556}") = "TCBOS.Reporting.Infrastructure", "Src\Infrastructure\TCBOS.Reporting.Infrastructure\TCBOS.Reporting.Infrastructure.csproj", "{1B2FC91B-6D60-4399-850A-AC600D8D3797}"
EndProject
Project("{9A19103F-16F7-4668-BE54-9A1E7A4F7556}") = "TCBOS.Reporting.Persistence", "Src\Infrastructure\TCBOS.Reporting.Persistence\TCBOS.Reporting.Persistence.csproj", "{7BEEAF3A-DF37-4FB9-8394-149C17E6E5AF}"
EndProject
Project("{9A19103F-16F7-4668-BE54-9A1E7A4F7556}") = "TCBOS.Reporting.API", "Src\Gateway\TCBOS.Reporting.Api\TCBOS.Reporting.API.csproj", "{D2FEE1B5-31A9-49D5-A615-E0E2EA5AE0B9}"
EndProject
Project("{9A19103F-16F7-4668-BE54-9A1E7A4F7556}") = "TCBOS.Reporting.Telerik", "Src\Infrastructure\TCBOS.Reporting.Telerik\TCBOS.Reporting.Telerik.csproj", "{08DB9220-7C0B-4013-A21D-093E446538CB}"
EndProject
Project("{2150E333-8FDC-42A3-9474-1A3956D46DE8}") = "Solution Items", "Solution Items", "{FD97A250-8D76-4600-A383-2A54A008991E}"
	ProjectSection(SolutionItems) = preProject
		Directory.Build.props = Directory.Build.props
	EndProjectSection
EndProject
Project("{FAE04EC0-301F-11D3-BF4B-00C04F79EFBC}") = "TCBOS.Reporting.Test", "Test\TCBOS.Reporting.Test\TCBOS.Reporting.Test.csproj", "{7BBFF592-2D86-4BBB-B323-CB513F9AF431}"
EndProject
Global
	GlobalSection(SolutionConfigurationPlatforms) = preSolution
		Debug|Any CPU = Debug|Any CPU
		Debug|x64 = Debug|x64
		Debug|x86 = Debug|x86
		Release|Any CPU = Release|Any CPU
		Release|x64 = Release|x64
		Release|x86 = Release|x86
	EndGlobalSection
	GlobalSection(ProjectConfigurationPlatforms) = postSolution
		{87848492-D795-4974-B77C-AC54BA9E695A}.Debug|Any CPU.ActiveCfg = Debug|Any CPU
		{87848492-D795-4974-B77C-AC54BA9E695A}.Debug|Any CPU.Build.0 = Debug|Any CPU
		{87848492-D795-4974-B77C-AC54BA9E695A}.Debug|x64.ActiveCfg = Debug|Any CPU
		{87848492-D795-4974-B77C-AC54BA9E695A}.Debug|x64.Build.0 = Debug|Any CPU
		{87848492-D795-4974-B77C-AC54BA9E695A}.Debug|x86.ActiveCfg = Debug|Any CPU
		{87848492-D795-4974-B77C-AC54BA9E695A}.Debug|x86.Build.0 = Debug|Any CPU
		{87848492-D795-4974-B77C-AC54BA9E695A}.Release|Any CPU.ActiveCfg = Release|Any CPU
		{87848492-D795-4974-B77C-AC54BA9E695A}.Release|Any CPU.Build.0 = Release|Any CPU
		{87848492-D795-4974-B77C-AC54BA9E695A}.Release|x64.ActiveCfg = Release|Any CPU
		{87848492-D795-4974-B77C-AC54BA9E695A}.Release|x64.Build.0 = Release|Any CPU
		{87848492-D795-4974-B77C-AC54BA9E695A}.Release|x86.ActiveCfg = Release|Any CPU
		{87848492-D795-4974-B77C-AC54BA9E695A}.Release|x86.Build.0 = Release|Any CPU
		{CCB7BF0A-E01D-47A5-BFAD-630CFDDC8DA1}.Debug|Any CPU.ActiveCfg = Debug|Any CPU
		{CCB7BF0A-E01D-47A5-BFAD-630CFDDC8DA1}.Debug|Any CPU.Build.0 = Debug|Any CPU
		{CCB7BF0A-E01D-47A5-BFAD-630CFDDC8DA1}.Debug|x64.ActiveCfg = Debug|Any CPU
		{CCB7BF0A-E01D-47A5-BFAD-630CFDDC8DA1}.Debug|x64.Build.0 = Debug|Any CPU
		{CCB7BF0A-E01D-47A5-BFAD-630CFDDC8DA1}.Debug|x86.ActiveCfg = Debug|Any CPU
		{CCB7BF0A-E01D-47A5-BFAD-630CFDDC8DA1}.Debug|x86.Build.0 = Debug|Any CPU
		{CCB7BF0A-E01D-47A5-BFAD-630CFDDC8DA1}.Release|Any CPU.ActiveCfg = Release|Any CPU
		{CCB7BF0A-E01D-47A5-BFAD-630CFDDC8DA1}.Release|Any CPU.Build.0 = Release|Any CPU
		{CCB7BF0A-E01D-47A5-BFAD-630CFDDC8DA1}.Release|x64.ActiveCfg = Release|Any CPU
		{CCB7BF0A-E01D-47A5-BFAD-630CFDDC8DA1}.Release|x64.Build.0 = Release|Any CPU
		{CCB7BF0A-E01D-47A5-BFAD-630CFDDC8DA1}.Release|x86.ActiveCfg = Release|Any CPU
		{CCB7BF0A-E01D-47A5-BFAD-630CFDDC8DA1}.Release|x86.Build.0 = Release|Any CPU
		{7E69989A-0339-48FC-8C4A-09A9E2B00E8D}.Debug|Any CPU.ActiveCfg = Debug|Any CPU
		{7E69989A-0339-48FC-8C4A-09A9E2B00E8D}.Debug|Any CPU.Build.0 = Debug|Any CPU
		{7E69989A-0339-48FC-8C4A-09A9E2B00E8D}.Debug|x64.ActiveCfg = Debug|Any CPU
		{7E69989A-0339-48FC-8C4A-09A9E2B00E8D}.Debug|x64.Build.0 = Debug|Any CPU
		{7E69989A-0339-48FC-8C4A-09A9E2B00E8D}.Debug|x86.ActiveCfg = Debug|Any CPU
		{7E69989A-0339-48FC-8C4A-09A9E2B00E8D}.Debug|x86.Build.0 = Debug|Any CPU
		{7E69989A-0339-48FC-8C4A-09A9E2B00E8D}.Release|Any CPU.ActiveCfg = Release|Any CPU
		{7E69989A-0339-48FC-8C4A-09A9E2B00E8D}.Release|Any CPU.Build.0 = Release|Any CPU
		{7E69989A-0339-48FC-8C4A-09A9E2B00E8D}.Release|x64.ActiveCfg = Release|Any CPU
		{7E69989A-0339-48FC-8C4A-09A9E2B00E8D}.Release|x64.Build.0 = Release|Any CPU
		{7E69989A-0339-48FC-8C4A-09A9E2B00E8D}.Release|x86.ActiveCfg = Release|Any CPU
		{7E69989A-0339-48FC-8C4A-09A9E2B00E8D}.Release|x86.Build.0 = Release|Any CPU
		{1B2FC91B-6D60-4399-850A-AC600D8D3797}.Debug|Any CPU.ActiveCfg = Debug|Any CPU
		{1B2FC91B-6D60-4399-850A-AC600D8D3797}.Debug|Any CPU.Build.0 = Debug|Any CPU
		{1B2FC91B-6D60-4399-850A-AC600D8D3797}.Debug|x64.ActiveCfg = Debug|Any CPU
		{1B2FC91B-6D60-4399-850A-AC600D8D3797}.Debug|x64.Build.0 = Debug|Any CPU
		{1B2FC91B-6D60-4399-850A-AC600D8D3797}.Debug|x86.ActiveCfg = Debug|Any CPU
		{1B2FC91B-6D60-4399-850A-AC600D8D3797}.Debug|x86.Build.0 = Debug|Any CPU
		{1B2FC91B-6D60-4399-850A-AC600D8D3797}.Release|Any CPU.ActiveCfg = Release|Any CPU
		{1B2FC91B-6D60-4399-850A-AC600D8D3797}.Release|Any CPU.Build.0 = Release|Any CPU
		{1B2FC91B-6D60-4399-850A-AC600D8D3797}.Release|x64.ActiveCfg = Release|Any CPU
		{1B2FC91B-6D60-4399-850A-AC600D8D3797}.Release|x64.Build.0 = Release|Any CPU
		{1B2FC91B-6D60-4399-850A-AC600D8D3797}.Release|x86.ActiveCfg = Release|Any CPU
		{1B2FC91B-6D60-4399-850A-AC600D8D3797}.Release|x86.Build.0 = Release|Any CPU
		{7BEEAF3A-DF37-4FB9-8394-149C17E6E5AF}.Debug|Any CPU.ActiveCfg = Debug|Any CPU
		{7BEEAF3A-DF37-4FB9-8394-149C17E6E5AF}.Debug|Any CPU.Build.0 = Debug|Any CPU
		{7BEEAF3A-DF37-4FB9-8394-149C17E6E5AF}.Debug|x64.ActiveCfg = Debug|Any CPU
		{7BEEAF3A-DF37-4FB9-8394-149C17E6E5AF}.Debug|x64.Build.0 = Debug|Any CPU
		{7BEEAF3A-DF37-4FB9-8394-149C17E6E5AF}.Debug|x86.ActiveCfg = Debug|Any CPU
		{7BEEAF3A-DF37-4FB9-8394-149C17E6E5AF}.Debug|x86.Build.0 = Debug|Any CPU
		{7BEEAF3A-DF37-4FB9-8394-149C17E6E5AF}.Release|Any CPU.ActiveCfg = Release|Any CPU
		{7BEEAF3A-DF37-4FB9-8394-149C17E6E5AF}.Release|Any CPU.Build.0 = Release|Any CPU
		{7BEEAF3A-DF37-4FB9-8394-149C17E6E5AF}.Release|x64.ActiveCfg = Release|Any CPU
		{7BEEAF3A-DF37-4FB9-8394-149C17E6E5AF}.Release|x64.Build.0 = Release|Any CPU
		{7BEEAF3A-DF37-4FB9-8394-149C17E6E5AF}.Release|x86.ActiveCfg = Release|Any CPU
		{7BEEAF3A-DF37-4FB9-8394-149C17E6E5AF}.Release|x86.Build.0 = Release|Any CPU
		{D2FEE1B5-31A9-49D5-A615-E0E2EA5AE0B9}.Debug|Any CPU.ActiveCfg = Debug|Any CPU
		{D2FEE1B5-31A9-49D5-A615-E0E2EA5AE0B9}.Debug|Any CPU.Build.0 = Debug|Any CPU
		{D2FEE1B5-31A9-49D5-A615-E0E2EA5AE0B9}.Debug|x64.ActiveCfg = Debug|Any CPU
		{D2FEE1B5-31A9-49D5-A615-E0E2EA5AE0B9}.Debug|x64.Build.0 = Debug|Any CPU
		{D2FEE1B5-31A9-49D5-A615-E0E2EA5AE0B9}.Debug|x86.ActiveCfg = Debug|Any CPU
		{D2FEE1B5-31A9-49D5-A615-E0E2EA5AE0B9}.Debug|x86.Build.0 = Debug|Any CPU
		{D2FEE1B5-31A9-49D5-A615-E0E2EA5AE0B9}.Release|Any CPU.ActiveCfg = Release|Any CPU
		{D2FEE1B5-31A9-49D5-A615-E0E2EA5AE0B9}.Release|Any CPU.Build.0 = Release|Any CPU
		{D2FEE1B5-31A9-49D5-A615-E0E2EA5AE0B9}.Release|x64.ActiveCfg = Release|Any CPU
		{D2FEE1B5-31A9-49D5-A615-E0E2EA5AE0B9}.Release|x64.Build.0 = Release|Any CPU
		{D2FEE1B5-31A9-49D5-A615-E0E2EA5AE0B9}.Release|x86.ActiveCfg = Release|Any CPU
		{D2FEE1B5-31A9-49D5-A615-E0E2EA5AE0B9}.Release|x86.Build.0 = Release|Any CPU
		{08DB9220-7C0B-4013-A21D-093E446538CB}.Debug|Any CPU.ActiveCfg = Debug|Any CPU
		{08DB9220-7C0B-4013-A21D-093E446538CB}.Debug|Any CPU.Build.0 = Debug|Any CPU
		{08DB9220-7C0B-4013-A21D-093E446538CB}.Debug|x64.ActiveCfg = Debug|Any CPU
		{08DB9220-7C0B-4013-A21D-093E446538CB}.Debug|x64.Build.0 = Debug|Any CPU
		{08DB9220-7C0B-4013-A21D-093E446538CB}.Debug|x86.ActiveCfg = Debug|Any CPU
		{08DB9220-7C0B-4013-A21D-093E446538CB}.Debug|x86.Build.0 = Debug|Any CPU
		{08DB9220-7C0B-4013-A21D-093E446538CB}.Release|Any CPU.ActiveCfg = Release|Any CPU
		{08DB9220-7C0B-4013-A21D-093E446538CB}.Release|Any CPU.Build.0 = Release|Any CPU
		{08DB9220-7C0B-4013-A21D-093E446538CB}.Release|x64.ActiveCfg = Release|Any CPU
		{08DB9220-7C0B-4013-A21D-093E446538CB}.Release|x64.Build.0 = Release|Any CPU
		{08DB9220-7C0B-4013-A21D-093E446538CB}.Release|x86.ActiveCfg = Release|Any CPU
		{08DB9220-7C0B-4013-A21D-093E446538CB}.Release|x86.Build.0 = Release|Any CPU
		{7BBFF592-2D86-4BBB-B323-CB513F9AF431}.Debug|Any CPU.ActiveCfg = Debug|Any CPU
		{7BBFF592-2D86-4BBB-B323-CB513F9AF431}.Debug|Any CPU.Build.0 = Debug|Any CPU
		{7BBFF592-2D86-4BBB-B323-CB513F9AF431}.Debug|x64.ActiveCfg = Debug|Any CPU
		{7BBFF592-2D86-4BBB-B323-CB513F9AF431}.Debug|x64.Build.0 = Debug|Any CPU
		{7BBFF592-2D86-4BBB-B323-CB513F9AF431}.Debug|x86.ActiveCfg = Debug|Any CPU
		{7BBFF592-2D86-4BBB-B323-CB513F9AF431}.Debug|x86.Build.0 = Debug|Any CPU
		{7BBFF592-2D86-4BBB-B323-CB513F9AF431}.Release|Any CPU.ActiveCfg = Release|Any CPU
		{7BBFF592-2D86-4BBB-B323-CB513F9AF431}.Release|Any CPU.Build.0 = Release|Any CPU
		{7BBFF592-2D86-4BBB-B323-CB513F9AF431}.Release|x64.ActiveCfg = Release|Any CPU
		{7BBFF592-2D86-4BBB-B323-CB513F9AF431}.Release|x64.Build.0 = Release|Any CPU
		{7BBFF592-2D86-4BBB-B323-CB513F9AF431}.Release|x86.ActiveCfg = Release|Any CPU
		{7BBFF592-2D86-4BBB-B323-CB513F9AF431}.Release|x86.Build.0 = Release|Any CPU
	EndGlobalSection
	GlobalSection(SolutionProperties) = preSolution
		HideSolutionNode = FALSE
	EndGlobalSection
	GlobalSection(NestedProjects) = preSolution
		{848CB4A6-33AD-4143-9773-0A232DD1700E} = {3463C803-5FEE-4A82-90AF-3E2A9265A154}
		{7B28E7A3-CDB8-4EB7-B0C1-64A7439C5D36} = {3463C803-5FEE-4A82-90AF-3E2A9265A154}
		{5F4FFABC-C6DA-4740-AEB2-6B844EF56E07} = {3463C803-5FEE-4A82-90AF-3E2A9265A154}
		{87848492-D795-4974-B77C-AC54BA9E695A} = {848CB4A6-33AD-4143-9773-0A232DD1700E}
		{CCB7BF0A-E01D-47A5-BFAD-630CFDDC8DA1} = {848CB4A6-33AD-4143-9773-0A232DD1700E}
		{7E69989A-0339-48FC-8C4A-09A9E2B00E8D} = {848CB4A6-33AD-4143-9773-0A232DD1700E}
		{1B2FC91B-6D60-4399-850A-AC600D8D3797} = {7B28E7A3-CDB8-4EB7-B0C1-64A7439C5D36}
		{7BEEAF3A-DF37-4FB9-8394-149C17E6E5AF} = {7B28E7A3-CDB8-4EB7-B0C1-64A7439C5D36}
		{D2FEE1B5-31A9-49D5-A615-E0E2EA5AE0B9} = {5F4FFABC-C6DA-4740-AEB2-6B844EF56E07}
		{08DB9220-7C0B-4013-A21D-093E446538CB} = {7B28E7A3-CDB8-4EB7-B0C1-64A7439C5D36}
		{7BBFF592-2D86-4BBB-B323-CB513F9AF431} = {5D8477C4-22F3-44B7-B850-224CA1A3A139}
	EndGlobalSection
	GlobalSection(ExtensibilityGlobals) = postSolution
		SolutionGuid = {4C9A1610-3C5E-4991-A88E-DEAD06D8F003}
	EndGlobalSection
EndGlobal
